
Microsoft Visual Studio Solution File, Format Version 12.00
# Visual Studio 15
VisualStudioVersion = 15.0.27004.2008
MinimumVisualStudioVersion = 10.0.40219.1
Project("{FAE04EC0-301F-11D3-BF4B-00C04F79EFBC}") = "GUI_SEVILLA", "GUI_SEVILLA\GUI_SEVILLA.csproj", "{20A3F782-F814-46F5-AC50-8F0AB82C9C2C}"
EndProject
Project("{FAE04EC0-301F-11D3-BF4B-00C04F79EFBC}") = "DAO_SEVILLA", "DAO_SEVILLA\DAO_SEVILLA.csproj", "{B747F473-C470-4C83-806E-F7FE809E7707}"
EndProject
Project("{FAE04EC0-301F-11D3-BF4B-00C04F79EFBC}") = "BL_SEVILLA", "BL_SEVILLA\BL_SEVILLA.csproj", "{7518B8E9-7861-465D-B546-21CCA52437A2}"
EndProject
Global
	GlobalSection(SolutionConfigurationPlatforms) = preSolution
		Debug|Any CPU = Debug|Any CPU
		Release|Any CPU = Release|Any CPU
	EndGlobalSection
	GlobalSection(ProjectConfigurationPlatforms) = postSolution
		{20A3F782-F814-46F5-AC50-8F0AB82C9C2C}.Debug|Any CPU.ActiveCfg = Debug|Any CPU
		{20A3F782-F814-46F5-AC50-8F0AB82C9C2C}.Debug|Any CPU.Build.0 = Debug|Any CPU
		{20A3F782-F814-46F5-AC50-8F0AB82C9C2C}.Release|Any CPU.ActiveCfg = Release|Any CPU
		{20A3F782-F814-46F5-AC50-8F0AB82C9C2C}.Release|Any CPU.Build.0 = Release|Any CPU
		{B747F473-C470-4C83-806E-F7FE809E7707}.Debug|Any CPU.ActiveCfg = Debug|Any CPU
		{B747F473-C470-4C83-806E-F7FE809E7707}.Debug|Any CPU.Build.0 = Debug|Any CPU
		{B747F473-C470-4C83-806E-F7FE809E7707}.Release|Any CPU.ActiveCfg = Release|Any CPU
		{B747F473-C470-4C83-806E-F7FE809E7707}.Release|Any CPU.Build.0 = Release|Any CPU
		{7518B8E9-7861-465D-B546-21CCA52437A2}.Debug|Any CPU.ActiveCfg = Debug|Any CPU
		{7518B8E9-7861-465D-B546-21CCA52437A2}.Debug|Any CPU.Build.0 = Debug|Any CPU
		{7518B8E9-7861-465D-B546-21CCA52437A2}.Release|Any CPU.ActiveCfg = Release|Any CPU
		{7518B8E9-7861-465D-B546-21CCA52437A2}.Release|Any CPU.Build.0 = Release|Any CPU
	EndGlobalSection
	GlobalSection(SolutionProperties) = preSolution
		HideSolutionNode = FALSE
	EndGlobalSection
	GlobalSection(ExtensibilityGlobals) = postSolution
		SolutionGuid = {A947ABC5-96EA-4102-83BA-E93BC6CF54BA}
	EndGlobalSection
EndGlobal
